
Microsoft Visual Studio Solution File, Format Version 12.00
# Visual Studio 15
VisualStudioVersion = 15.0.28307.102
MinimumVisualStudioVersion = 10.0.40219.1
Project("{8BC9CEB8-8B4A-11D0-8D11-00A0C91BC942}") = "Lab11", "Lab11.vcxproj", "{98873D32-BD47-44CD-B245-AE676BCA43B0}"
EndProject
Project("{8BC9CEB8-8B4A-11D0-8D11-00A0C91BC942}") = "Lab14", "..\Lab14\Lab14.vcxproj", "{6B787433-2A21-43FA-8766-15CB6A9AC7B6}"
EndProject
Project("{8BC9CEB8-8B4A-11D0-8D11-00A0C91BC942}") = "LabProbnic", "LabProbnic\LabProbnic.vcxproj", "{9BFD1627-B13A-404F-A689-4009D91B3E4F}"
EndProject
Project("{8BC9CEB8-8B4A-11D0-8D11-00A0C91BC942}") = "Lab15", "..\Lab15\Lab15.vcxproj", "{B2336E1D-523C-43B5-ADD3-9CB371154123}"
EndProject
Project("{8BC9CEB8-8B4A-11D0-8D11-00A0C91BC942}") = "Lab1", "Lab1\Lab1.vcxproj", "{ECF02A7F-2648-447B-B451-9EA4FAD1AEE5}"
EndProject
Project("{8BC9CEB8-8B4A-11D0-8D11-00A0C91BC942}") = "Lab2", "Lab2\Lab2.vcxproj", "{BAD6B93C-A070-45D9-A8CD-58743A9122C1}"
EndProject
Project("{8BC9CEB8-8B4A-11D0-8D11-00A0C91BC942}") = "Lab3", "Lab3\Lab3.vcxproj", "{B49261D9-5319-4CC3-99D4-BE6CDA73CE39}"
EndProject
Project("{8BC9CEB8-8B4A-11D0-8D11-00A0C91BC942}") = "Lab4", "Lab4\Lab4.vcxproj", "{DE4E83E4-D75B-464B-A3EB-B974FE4E47E4}"
EndProject
Project("{8BC9CEB8-8B4A-11D0-8D11-00A0C91BC942}") = "Lab5", "Lab5\Lab5.vcxproj", "{23CAEBE5-E139-4813-852E-216C1BB8ECE8}"
EndProject
Project("{8BC9CEB8-8B4A-11D0-8D11-00A0C91BC942}") = "Lab6", "Lab6\Lab6.vcxproj", "{0864F6C4-3B2B-45FA-8222-B8E0BE8D981C}"
EndProject
Project("{8BC9CEB8-8B4A-11D0-8D11-00A0C91BC942}") = "Lab7", "Lab7\Lab7.vcxproj", "{254E2293-6107-4AAC-A78E-8C2B799CB87F}"
EndProject
Project("{8BC9CEB8-8B4A-11D0-8D11-00A0C91BC942}") = "Lab8", "Lab8\Lab8.vcxproj", "{EB4142E3-87E6-45EC-B1AE-BA8850144FF3}"
EndProject
Project("{8BC9CEB8-8B4A-11D0-8D11-00A0C91BC942}") = "Lab9", "Lab9\Lab9.vcxproj", "{63F7D842-583E-4324-8356-6AF821A88EFA}"
EndProject
Project("{8BC9CEB8-8B4A-11D0-8D11-00A0C91BC942}") = "Lab10", "Lab10\Lab10.vcxproj", "{008C6450-4F32-4CA5-A0DD-C369A4EF5C1E}"
EndProject
Project("{8BC9CEB8-8B4A-11D0-8D11-00A0C91BC942}") = "Lab9R", "Lab9R\Lab9R.vcxproj", "{DA57CF6A-5F15-43F1-9EC6-17E5E438A572}"
EndProject
Project("{8BC9CEB8-8B4A-11D0-8D11-00A0C91BC942}") = "Lab_11", "Lab_11\Lab_11.vcxproj", "{ED219B51-45FD-4135-8415-DDAA5DC10C64}"
EndProject
Project("{8BC9CEB8-8B4A-11D0-8D11-00A0C91BC942}") = "Lab_5", "Lab_5\Lab_5.vcxproj", "{9C5C5926-3EC7-4061-A3A5-D74288157EAD}"
EndProject
Project("{8BC9CEB8-8B4A-11D0-8D11-00A0C91BC942}") = "Lab13", "Lab13\Lab13.vcxproj", "{FF38C18D-837D-4BBB-B6F4-D5EFC67D24A7}"
EndProject
Project("{8BC9CEB8-8B4A-11D0-8D11-00A0C91BC942}") = "Tree", "Tree\Tree.vcxproj", "{FEBEB486-4D58-481A-89A1-4D37A389E9BC}"
EndProject
Project("{8BC9CEB8-8B4A-11D0-8D11-00A0C91BC942}") = "Tree_1", "..\Tree_1\Tree_1.vcxproj", "{BDB383D2-1AF0-4340-887C-E5CC622DB7E1}"
EndProject
Project("{8BC9CEB8-8B4A-11D0-8D11-00A0C91BC942}") = "Programm", "Programm\Programm.vcxproj", "{9C05F0F1-8413-4608-AD50-60C2EABB296E}"
EndProject
Global
	GlobalSection(SolutionConfigurationPlatforms) = preSolution
		Debug|x64 = Debug|x64
		Debug|x86 = Debug|x86
		Release|x64 = Release|x64
		Release|x86 = Release|x86
	EndGlobalSection
	GlobalSection(ProjectConfigurationPlatforms) = postSolution
		{98873D32-BD47-44CD-B245-AE676BCA43B0}.Debug|x64.ActiveCfg = Debug|x64
		{98873D32-BD47-44CD-B245-AE676BCA43B0}.Debug|x64.Build.0 = Debug|x64
		{98873D32-BD47-44CD-B245-AE676BCA43B0}.Debug|x86.ActiveCfg = Debug|Win32
		{98873D32-BD47-44CD-B245-AE676BCA43B0}.Debug|x86.Build.0 = Debug|Win32
		{98873D32-BD47-44CD-B245-AE676BCA43B0}.Release|x64.ActiveCfg = Release|x64
		{98873D32-BD47-44CD-B245-AE676BCA43B0}.Release|x64.Build.0 = Release|x64
		{98873D32-BD47-44CD-B245-AE676BCA43B0}.Release|x86.ActiveCfg = Release|Win32
		{98873D32-BD47-44CD-B245-AE676BCA43B0}.Release|x86.Build.0 = Release|Win32
		{6B787433-2A21-43FA-8766-15CB6A9AC7B6}.Debug|x64.ActiveCfg = Debug|x64
		{6B787433-2A21-43FA-8766-15CB6A9AC7B6}.Debug|x64.Build.0 = Debug|x64
		{6B787433-2A21-43FA-8766-15CB6A9AC7B6}.Debug|x86.ActiveCfg = Debug|Win32
		{6B787433-2A21-43FA-8766-15CB6A9AC7B6}.Debug|x86.Build.0 = Debug|Win32
		{6B787433-2A21-43FA-8766-15CB6A9AC7B6}.Release|x64.ActiveCfg = Release|x64
		{6B787433-2A21-43FA-8766-15CB6A9AC7B6}.Release|x64.Build.0 = Release|x64
		{6B787433-2A21-43FA-8766-15CB6A9AC7B6}.Release|x86.ActiveCfg = Release|Win32
		{6B787433-2A21-43FA-8766-15CB6A9AC7B6}.Release|x86.Build.0 = Release|Win32
		{9BFD1627-B13A-404F-A689-4009D91B3E4F}.Debug|x64.ActiveCfg = Debug|x64
		{9BFD1627-B13A-404F-A689-4009D91B3E4F}.Debug|x64.Build.0 = Debug|x64
		{9BFD1627-B13A-404F-A689-4009D91B3E4F}.Debug|x86.ActiveCfg = Debug|Win32
		{9BFD1627-B13A-404F-A689-4009D91B3E4F}.Debug|x86.Build.0 = Debug|Win32
		{9BFD1627-B13A-404F-A689-4009D91B3E4F}.Release|x64.ActiveCfg = Release|x64
		{9BFD1627-B13A-404F-A689-4009D91B3E4F}.Release|x64.Build.0 = Release|x64
		{9BFD1627-B13A-404F-A689-4009D91B3E4F}.Release|x86.ActiveCfg = Release|Win32
		{9BFD1627-B13A-404F-A689-4009D91B3E4F}.Release|x86.Build.0 = Release|Win32
		{B2336E1D-523C-43B5-ADD3-9CB371154123}.Debug|x64.ActiveCfg = Debug|x64
		{B2336E1D-523C-43B5-ADD3-9CB371154123}.Debug|x64.Build.0 = Debug|x64
		{B2336E1D-523C-43B5-ADD3-9CB371154123}.Debug|x86.ActiveCfg = Debug|Win32
		{B2336E1D-523C-43B5-ADD3-9CB371154123}.Debug|x86.Build.0 = Debug|Win32
		{B2336E1D-523C-43B5-ADD3-9CB371154123}.Release|x64.ActiveCfg = Release|x64
		{B2336E1D-523C-43B5-ADD3-9CB371154123}.Release|x64.Build.0 = Release|x64
		{B2336E1D-523C-43B5-ADD3-9CB371154123}.Release|x86.ActiveCfg = Release|Win32
		{B2336E1D-523C-43B5-ADD3-9CB371154123}.Release|x86.Build.0 = Release|Win32
		{ECF02A7F-2648-447B-B451-9EA4FAD1AEE5}.Debug|x64.ActiveCfg = Debug|x64
		{ECF02A7F-2648-447B-B451-9EA4FAD1AEE5}.Debug|x64.Build.0 = Debug|x64
		{ECF02A7F-2648-447B-B451-9EA4FAD1AEE5}.Debug|x86.ActiveCfg = Debug|Win32
		{ECF02A7F-2648-447B-B451-9EA4FAD1AEE5}.Debug|x86.Build.0 = Debug|Win32
		{ECF02A7F-2648-447B-B451-9EA4FAD1AEE5}.Release|x64.ActiveCfg = Release|x64
		{ECF02A7F-2648-447B-B451-9EA4FAD1AEE5}.Release|x64.Build.0 = Release|x64
		{ECF02A7F-2648-447B-B451-9EA4FAD1AEE5}.Release|x86.ActiveCfg = Release|Win32
		{ECF02A7F-2648-447B-B451-9EA4FAD1AEE5}.Release|x86.Build.0 = Release|Win32
		{BAD6B93C-A070-45D9-A8CD-58743A9122C1}.Debug|x64.ActiveCfg = Debug|x64
		{BAD6B93C-A070-45D9-A8CD-58743A9122C1}.Debug|x64.Build.0 = Debug|x64
		{BAD6B93C-A070-45D9-A8CD-58743A9122C1}.Debug|x86.ActiveCfg = Debug|Win32
		{BAD6B93C-A070-45D9-A8CD-58743A9122C1}.Debug|x86.Build.0 = Debug|Win32
		{BAD6B93C-A070-45D9-A8CD-58743A9122C1}.Release|x64.ActiveCfg = Release|x64
		{BAD6B93C-A070-45D9-A8CD-58743A9122C1}.Release|x64.Build.0 = Release|x64
		{BAD6B93C-A070-45D9-A8CD-58743A9122C1}.Release|x86.ActiveCfg = Release|Win32
		{BAD6B93C-A070-45D9-A8CD-58743A9122C1}.Release|x86.Build.0 = Release|Win32
		{B49261D9-5319-4CC3-99D4-BE6CDA73CE39}.Debug|x64.ActiveCfg = Debug|x64
		{B49261D9-5319-4CC3-99D4-BE6CDA73CE39}.Debug|x64.Build.0 = Debug|x64
		{B49261D9-5319-4CC3-99D4-BE6CDA73CE39}.Debug|x86.ActiveCfg = Debug|Win32
		{B49261D9-5319-4CC3-99D4-BE6CDA73CE39}.Debug|x86.Build.0 = Debug|Win32
		{B49261D9-5319-4CC3-99D4-BE6CDA73CE39}.Release|x64.ActiveCfg = Release|x64
		{B49261D9-5319-4CC3-99D4-BE6CDA73CE39}.Release|x64.Build.0 = Release|x64
		{B49261D9-5319-4CC3-99D4-BE6CDA73CE39}.Release|x86.ActiveCfg = Release|Win32
		{B49261D9-5319-4CC3-99D4-BE6CDA73CE39}.Release|x86.Build.0 = Release|Win32
		{DE4E83E4-D75B-464B-A3EB-B974FE4E47E4}.Debug|x64.ActiveCfg = Debug|x64
		{DE4E83E4-D75B-464B-A3EB-B974FE4E47E4}.Debug|x64.Build.0 = Debug|x64
		{DE4E83E4-D75B-464B-A3EB-B974FE4E47E4}.Debug|x86.ActiveCfg = Debug|Win32
		{DE4E83E4-D75B-464B-A3EB-B974FE4E47E4}.Debug|x86.Build.0 = Debug|Win32
		{DE4E83E4-D75B-464B-A3EB-B974FE4E47E4}.Release|x64.ActiveCfg = Release|x64
		{DE4E83E4-D75B-464B-A3EB-B974FE4E47E4}.Release|x64.Build.0 = Release|x64
		{DE4E83E4-D75B-464B-A3EB-B974FE4E47E4}.Release|x86.ActiveCfg = Release|Win32
		{DE4E83E4-D75B-464B-A3EB-B974FE4E47E4}.Release|x86.Build.0 = Release|Win32
		{23CAEBE5-E139-4813-852E-216C1BB8ECE8}.Debug|x64.ActiveCfg = Debug|x64
		{23CAEBE5-E139-4813-852E-216C1BB8ECE8}.Debug|x64.Build.0 = Debug|x64
		{23CAEBE5-E139-4813-852E-216C1BB8ECE8}.Debug|x86.ActiveCfg = Debug|Win32
		{23CAEBE5-E139-4813-852E-216C1BB8ECE8}.Debug|x86.Build.0 = Debug|Win32
		{23CAEBE5-E139-4813-852E-216C1BB8ECE8}.Release|x64.ActiveCfg = Release|x64
		{23CAEBE5-E139-4813-852E-216C1BB8ECE8}.Release|x64.Build.0 = Release|x64
		{23CAEBE5-E139-4813-852E-216C1BB8ECE8}.Release|x86.ActiveCfg = Release|Win32
		{23CAEBE5-E139-4813-852E-216C1BB8ECE8}.Release|x86.Build.0 = Release|Win32
		{0864F6C4-3B2B-45FA-8222-B8E0BE8D981C}.Debug|x64.ActiveCfg = Debug|x64
		{0864F6C4-3B2B-45FA-8222-B8E0BE8D981C}.Debug|x64.Build.0 = Debug|x64
		{0864F6C4-3B2B-45FA-8222-B8E0BE8D981C}.Debug|x86.ActiveCfg = Debug|Win32
		{0864F6C4-3B2B-45FA-8222-B8E0BE8D981C}.Debug|x86.Build.0 = Debug|Win32
		{0864F6C4-3B2B-45FA-8222-B8E0BE8D981C}.Release|x64.ActiveCfg = Release|x64
		{0864F6C4-3B2B-45FA-8222-B8E0BE8D981C}.Release|x64.Build.0 = Release|x64
		{0864F6C4-3B2B-45FA-8222-B8E0BE8D981C}.Release|x86.ActiveCfg = Release|Win32
		{0864F6C4-3B2B-45FA-8222-B8E0BE8D981C}.Release|x86.Build.0 = Release|Win32
		{254E2293-6107-4AAC-A78E-8C2B799CB87F}.Debug|x64.ActiveCfg = Debug|x64
		{254E2293-6107-4AAC-A78E-8C2B799CB87F}.Debug|x64.Build.0 = Debug|x64
		{254E2293-6107-4AAC-A78E-8C2B799CB87F}.Debug|x86.ActiveCfg = Debug|Win32
		{254E2293-6107-4AAC-A78E-8C2B799CB87F}.Debug|x86.Build.0 = Debug|Win32
		{254E2293-6107-4AAC-A78E-8C2B799CB87F}.Release|x64.ActiveCfg = Release|x64
		{254E2293-6107-4AAC-A78E-8C2B799CB87F}.Release|x64.Build.0 = Release|x64
		{254E2293-6107-4AAC-A78E-8C2B799CB87F}.Release|x86.ActiveCfg = Release|Win32
		{254E2293-6107-4AAC-A78E-8C2B799CB87F}.Release|x86.Build.0 = Release|Win32
		{EB4142E3-87E6-45EC-B1AE-BA8850144FF3}.Debug|x64.ActiveCfg = Debug|x64
		{EB4142E3-87E6-45EC-B1AE-BA8850144FF3}.Debug|x64.Build.0 = Debug|x64
		{EB4142E3-87E6-45EC-B1AE-BA8850144FF3}.Debug|x86.ActiveCfg = Debug|Win32
		{EB4142E3-87E6-45EC-B1AE-BA8850144FF3}.Debug|x86.Build.0 = Debug|Win32
		{EB4142E3-87E6-45EC-B1AE-BA8850144FF3}.Release|x64.ActiveCfg = Release|x64
		{EB4142E3-87E6-45EC-B1AE-BA8850144FF3}.Release|x64.Build.0 = Release|x64
		{EB4142E3-87E6-45EC-B1AE-BA8850144FF3}.Release|x86.ActiveCfg = Release|Win32
		{EB4142E3-87E6-45EC-B1AE-BA8850144FF3}.Release|x86.Build.0 = Release|Win32
		{63F7D842-583E-4324-8356-6AF821A88EFA}.Debug|x64.ActiveCfg = Debug|x64
		{63F7D842-583E-4324-8356-6AF821A88EFA}.Debug|x64.Build.0 = Debug|x64
		{63F7D842-583E-4324-8356-6AF821A88EFA}.Debug|x86.ActiveCfg = Debug|Win32
		{63F7D842-583E-4324-8356-6AF821A88EFA}.Debug|x86.Build.0 = Debug|Win32
		{63F7D842-583E-4324-8356-6AF821A88EFA}.Release|x64.ActiveCfg = Release|x64
		{63F7D842-583E-4324-8356-6AF821A88EFA}.Release|x64.Build.0 = Release|x64
		{63F7D842-583E-4324-8356-6AF821A88EFA}.Release|x86.ActiveCfg = Release|Win32
		{63F7D842-583E-4324-8356-6AF821A88EFA}.Release|x86.Build.0 = Release|Win32
		{008C6450-4F32-4CA5-A0DD-C369A4EF5C1E}.Debug|x64.ActiveCfg = Debug|x64
		{008C6450-4F32-4CA5-A0DD-C369A4EF5C1E}.Debug|x64.Build.0 = Debug|x64
		{008C6450-4F32-4CA5-A0DD-C369A4EF5C1E}.Debug|x86.ActiveCfg = Debug|Win32
		{008C6450-4F32-4CA5-A0DD-C369A4EF5C1E}.Debug|x86.Build.0 = Debug|Win32
		{008C6450-4F32-4CA5-A0DD-C369A4EF5C1E}.Release|x64.ActiveCfg = Release|x64
		{008C6450-4F32-4CA5-A0DD-C369A4EF5C1E}.Release|x64.Build.0 = Release|x64
		{008C6450-4F32-4CA5-A0DD-C369A4EF5C1E}.Release|x86.ActiveCfg = Release|Win32
		{008C6450-4F32-4CA5-A0DD-C369A4EF5C1E}.Release|x86.Build.0 = Release|Win32
		{DA57CF6A-5F15-43F1-9EC6-17E5E438A572}.Debug|x64.ActiveCfg = Debug|x64
		{DA57CF6A-5F15-43F1-9EC6-17E5E438A572}.Debug|x64.Build.0 = Debug|x64
		{DA57CF6A-5F15-43F1-9EC6-17E5E438A572}.Debug|x86.ActiveCfg = Debug|Win32
		{DA57CF6A-5F15-43F1-9EC6-17E5E438A572}.Debug|x86.Build.0 = Debug|Win32
		{DA57CF6A-5F15-43F1-9EC6-17E5E438A572}.Release|x64.ActiveCfg = Release|x64
		{DA57CF6A-5F15-43F1-9EC6-17E5E438A572}.Release|x64.Build.0 = Release|x64
		{DA57CF6A-5F15-43F1-9EC6-17E5E438A572}.Release|x86.ActiveCfg = Release|Win32
		{DA57CF6A-5F15-43F1-9EC6-17E5E438A572}.Release|x86.Build.0 = Release|Win32
		{ED219B51-45FD-4135-8415-DDAA5DC10C64}.Debug|x64.ActiveCfg = Debug|x64
		{ED219B51-45FD-4135-8415-DDAA5DC10C64}.Debug|x64.Build.0 = Debug|x64
		{ED219B51-45FD-4135-8415-DDAA5DC10C64}.Debug|x86.ActiveCfg = Debug|Win32
		{ED219B51-45FD-4135-8415-DDAA5DC10C64}.Debug|x86.Build.0 = Debug|Win32
		{ED219B51-45FD-4135-8415-DDAA5DC10C64}.Release|x64.ActiveCfg = Release|x64
		{ED219B51-45FD-4135-8415-DDAA5DC10C64}.Release|x64.Build.0 = Release|x64
		{ED219B51-45FD-4135-8415-DDAA5DC10C64}.Release|x86.ActiveCfg = Release|Win32
		{ED219B51-45FD-4135-8415-DDAA5DC10C64}.Release|x86.Build.0 = Release|Win32
		{9C5C5926-3EC7-4061-A3A5-D74288157EAD}.Debug|x64.ActiveCfg = Debug|x64
		{9C5C5926-3EC7-4061-A3A5-D74288157EAD}.Debug|x64.Build.0 = Debug|x64
		{9C5C5926-3EC7-4061-A3A5-D74288157EAD}.Debug|x86.ActiveCfg = Debug|Win32
		{9C5C5926-3EC7-4061-A3A5-D74288157EAD}.Debug|x86.Build.0 = Debug|Win32
		{9C5C5926-3EC7-4061-A3A5-D74288157EAD}.Release|x64.ActiveCfg = Release|x64
		{9C5C5926-3EC7-4061-A3A5-D74288157EAD}.Release|x64.Build.0 = Release|x64
		{9C5C5926-3EC7-4061-A3A5-D74288157EAD}.Release|x86.ActiveCfg = Release|Win32
		{9C5C5926-3EC7-4061-A3A5-D74288157EAD}.Release|x86.Build.0 = Release|Win32
		{FF38C18D-837D-4BBB-B6F4-D5EFC67D24A7}.Debug|x64.ActiveCfg = Debug|x64
		{FF38C18D-837D-4BBB-B6F4-D5EFC67D24A7}.Debug|x64.Build.0 = Debug|x64
		{FF38C18D-837D-4BBB-B6F4-D5EFC67D24A7}.Debug|x86.ActiveCfg = Debug|Win32
		{FF38C18D-837D-4BBB-B6F4-D5EFC67D24A7}.Debug|x86.Build.0 = Debug|Win32
		{FF38C18D-837D-4BBB-B6F4-D5EFC67D24A7}.Release|x64.ActiveCfg = Release|x64
		{FF38C18D-837D-4BBB-B6F4-D5EFC67D24A7}.Release|x64.Build.0 = Release|x64
		{FF38C18D-837D-4BBB-B6F4-D5EFC67D24A7}.Release|x86.ActiveCfg = Release|Win32
		{FF38C18D-837D-4BBB-B6F4-D5EFC67D24A7}.Release|x86.Build.0 = Release|Win32
		{FEBEB486-4D58-481A-89A1-4D37A389E9BC}.Debug|x64.ActiveCfg = Debug|x64
		{FEBEB486-4D58-481A-89A1-4D37A389E9BC}.Debug|x64.Build.0 = Debug|x64
		{FEBEB486-4D58-481A-89A1-4D37A389E9BC}.Debug|x86.ActiveCfg = Debug|Win32
		{FEBEB486-4D58-481A-89A1-4D37A389E9BC}.Debug|x86.Build.0 = Debug|Win32
		{FEBEB486-4D58-481A-89A1-4D37A389E9BC}.Release|x64.ActiveCfg = Release|x64
		{FEBEB486-4D58-481A-89A1-4D37A389E9BC}.Release|x64.Build.0 = Release|x64
		{FEBEB486-4D58-481A-89A1-4D37A389E9BC}.Release|x86.ActiveCfg = Release|Win32
		{FEBEB486-4D58-481A-89A1-4D37A389E9BC}.Release|x86.Build.0 = Release|Win32
		{BDB383D2-1AF0-4340-887C-E5CC622DB7E1}.Debug|x64.ActiveCfg = Debug|x64
		{BDB383D2-1AF0-4340-887C-E5CC622DB7E1}.Debug|x64.Build.0 = Debug|x64
		{BDB383D2-1AF0-4340-887C-E5CC622DB7E1}.Debug|x86.ActiveCfg = Debug|Win32
		{BDB383D2-1AF0-4340-887C-E5CC622DB7E1}.Debug|x86.Build.0 = Debug|Win32
		{BDB383D2-1AF0-4340-887C-E5CC622DB7E1}.Release|x64.ActiveCfg = Release|x64
		{BDB383D2-1AF0-4340-887C-E5CC622DB7E1}.Release|x64.Build.0 = Release|x64
		{BDB383D2-1AF0-4340-887C-E5CC622DB7E1}.Release|x86.ActiveCfg = Release|Win32
		{BDB383D2-1AF0-4340-887C-E5CC622DB7E1}.Release|x86.Build.0 = Release|Win32
		{9C05F0F1-8413-4608-AD50-60C2EABB296E}.Debug|x64.ActiveCfg = Debug|x64
		{9C05F0F1-8413-4608-AD50-60C2EABB296E}.Debug|x64.Build.0 = Debug|x64
		{9C05F0F1-8413-4608-AD50-60C2EABB296E}.Debug|x86.ActiveCfg = Debug|Win32
		{9C05F0F1-8413-4608-AD50-60C2EABB296E}.Debug|x86.Build.0 = Debug|Win32
		{9C05F0F1-8413-4608-AD50-60C2EABB296E}.Release|x64.ActiveCfg = Release|x64
		{9C05F0F1-8413-4608-AD50-60C2EABB296E}.Release|x64.Build.0 = Release|x64
		{9C05F0F1-8413-4608-AD50-60C2EABB296E}.Release|x86.ActiveCfg = Release|Win32
		{9C05F0F1-8413-4608-AD50-60C2EABB296E}.Release|x86.Build.0 = Release|Win32
	EndGlobalSection
	GlobalSection(SolutionProperties) = preSolution
		HideSolutionNode = FALSE
	EndGlobalSection
	GlobalSection(ExtensibilityGlobals) = postSolution
		SolutionGuid = {E8D66DDD-6D3B-42E2-9FC1-27B27A68B84A}
	EndGlobalSection
EndGlobal
